<?xml version="1.0" encoding="utf-8"?>
<Project ToolsVersion="4.0" xmlns="http://schemas.microsoft.com/developer/msbuild/2003">
  <ItemGroup>
    <Filter Include="Source Files">
      <UniqueIdentifier>{4FC737F1-C7A5-4376-A066-2A32D752A2FF}</UniqueIdentifier>
      <Extensions>cpp;c;cc;cxx;c++;cppm;ixx;def;odl;idl;hpj;bat;asm;asmx</Extensions>
    </Filter>
    <Filter Include="Header Files">
      <UniqueIdentifier>{93995380-89BD-4b04-88EB-625FBE52EBFB}</UniqueIdentifier>
      <Extensions>h;hh;hpp;hxx;h++;hm;inl;inc;ipp;xsd</Extensions>
    </Filter>
    <Filter Include="Resource Files">
      <UniqueIdentifier>{67DA6AB6-F800-4c08-8B7A-83BB121AAD01}</UniqueIdentifier>
      <Extensions>rc;ico;cur;bmp;dlg;rc2;rct;bin;rgs;gif;jpg;jpeg;jpe;resx;tiff;tif;png;wav;mfcribbon-ms</Extensions>
    </Filter>
  </ItemGroup>
  <ItemGroup>
    <ClInclude Include="AdminForm.h">
      <Filter>Source Files</Filter>
    </ClInclude>
    <ClInclude Include="Adresse.h">
      <Filter>Header Files</Filter>
    </ClInclude>
    <ClInclude Include="Personne.h">
      <Filter>Header Files</Filter>
    </ClInclude>
    <ClInclude Include="Commande.h">
      <Filter>Header Files</Filter>
    </ClInclude>
    <ClInclude Include="Client.h">
      <Filter>Header Files</Filter>
    </ClInclude>
    <ClInclude Include="Article.h">
      <Filter>Header Files</Filter>
    </ClInclude>
    <ClInclude Include="Cout.h">
      <Filter>Header Files</Filter>
    </ClInclude>
    <ClInclude Include="Personnel.h">
      <Filter>Header Files</Filter>
    </ClInclude>
    <ClInclude Include="Facture.h">
      <Filter>Header Files</Filter>
    </ClInclude>
    <ClInclude Include="Societe.h">
      <Filter>Header Files</Filter>
    </ClInclude>
    <ClInclude Include="CL_CAD.h">
      <Filter>Header Files</Filter>
    </ClInclude>
    <ClInclude Include="CL_svc_gestionPersonne.h">
      <Filter>Header Files</Filter>
    </ClInclude>
    <ClInclude Include="CL_svc_gestionPersonnel.h">
      <Filter>Header Files</Filter>
    </ClInclude>
    <ClInclude Include="CL_svc_gestionClient.h">
      <Filter>Header Files</Filter>
    </ClInclude>
    <ClInclude Include="FactureForm.h">
      <Filter>Source Files</Filter>
    </ClInclude>
    <ClInclude Include="ClientForm.h">
      <Filter>Source Files</Filter>
    </ClInclude>
    <ClInclude Include="PersonnelForm.h">
      <Filter>Source Files</Filter>
    </ClInclude>
  </ItemGroup>
  <ItemGroup>
    <ClCompile Include="AdminForm.cpp">
      <Filter>Source Files</Filter>
    </ClCompile>
    <ClCompile Include="Article.cpp">
      <Filter>Source Files</Filter>
    </ClCompile>
    <ClCompile Include="Personne.cpp">
      <Filter>Source Files</Filter>
    </ClCompile>
    <ClCompile Include="Commande.cpp">
      <Filter>Source Files</Filter>
    </ClCompile>
    <ClCompile Include="Cout.cpp">
      <Filter>Source Files</Filter>
    </ClCompile>
    <ClCompile Include="Facture.cpp">
      <Filter>Source Files</Filter>
    </ClCompile>
    <ClCompile Include="Client.cpp">
      <Filter>Source Files</Filter>
    </ClCompile>
    <ClCompile Include="Personnel.cpp">
      <Filter>Source Files</Filter>
    </ClCompile>
    <ClCompile Include="Societe.cpp">
      <Filter>Source Files</Filter>
    </ClCompile>
    <ClCompile Include="Adresse.cpp">
      <Filter>Source Files</Filter>
    </ClCompile>
    <ClCompile Include="CL_CAD.cpp">
      <Filter>Source Files</Filter>
    </ClCompile>
    <ClCompile Include="CL_svc_gestionPersonne.cpp">
      <Filter>Source Files</Filter>
    </ClCompile>
    <ClCompile Include="CL_svc_gestionClient.cpp">
      <Filter>Source Files</Filter>
    </ClCompile>
    <ClCompile Include="CL_svc_gestionPersonnel.cpp">
      <Filter>Source Files</Filter>
    </ClCompile>
    <ClCompile Include="FactureForm.cpp">
      <Filter>Source Files</Filter>
    </ClCompile>
    <ClCompile Include="ClientForm.cpp">
      <Filter>Source Files</Filter>
    </ClCompile>
    <ClCompile Include="PersonnelForm.cpp">
      <Filter>Source Files</Filter>
    </ClCompile>
  </ItemGroup>
</Project>